
Microsoft Visual Studio Solution File, Format Version 12.00
# Visual Studio Version 17
VisualStudioVersion = 17.0.32112.339
MinimumVisualStudioVersion = 10.0.40219.1
Project("{8BC9CEB8-8B4A-11D0-8D11-00A0C91BC942}") = "SuperSpring22", "SuperSpring22\SuperSpring22.vcxproj", "{29751290-7EA2-45CA-B4FE-CF63BB5FED5B}"
EndProject
Project("{8BC9CEB8-8B4A-11D0-8D11-00A0C91BC942}") = "TDE", "TDE\TDE.vcxproj", "{E4034F98-364F-4040-B9D1-1643A53A4369}"
EndProject
Project("{8BC9CEB8-8B4A-11D0-8D11-00A0C91BC942}") = "glfw", "glfw\build\src\glfw.vcxproj", "{D26D46AB-E680-3EE9-B910-E3041A4E4680}"
EndProject
Project("{8BC9CEB8-8B4A-11D0-8D11-00A0C91BC942}") = "glad", "glad\glad.vcxproj", "{02AA52DC-02AF-486B-A356-CE0D4CD7B76F}"
EndProject
Project("{8BC9CEB8-8B4A-11D0-8D11-00A0C91BC942}") = "stbi", "stbi\stbi.vcxproj", "{614DA928-E862-4378-9BC8-72C74DAF3B7F}"
EndProject
Global
	GlobalSection(SolutionConfigurationPlatforms) = preSolution
		Debug|x64 = Debug|x64
		Debug|x86 = Debug|x86
		MinSizeRel|x64 = MinSizeRel|x64
		MinSizeRel|x86 = MinSizeRel|x86
		Release|x64 = Release|x64
		Release|x86 = Release|x86
		RelWithDebInfo|x64 = RelWithDebInfo|x64
		RelWithDebInfo|x86 = RelWithDebInfo|x86
	EndGlobalSection
	GlobalSection(ProjectConfigurationPlatforms) = postSolution
		{29751290-7EA2-45CA-B4FE-CF63BB5FED5B}.Debug|x64.ActiveCfg = Debug|x64
		{29751290-7EA2-45CA-B4FE-CF63BB5FED5B}.Debug|x64.Build.0 = Debug|x64
		{29751290-7EA2-45CA-B4FE-CF63BB5FED5B}.Debug|x86.ActiveCfg = Debug|x64
		{29751290-7EA2-45CA-B4FE-CF63BB5FED5B}.Debug|x86.Build.0 = Debug|x64
		{29751290-7EA2-45CA-B4FE-CF63BB5FED5B}.MinSizeRel|x64.ActiveCfg = Release|x64
		{29751290-7EA2-45CA-B4FE-CF63BB5FED5B}.MinSizeRel|x64.Build.0 = Release|x64
		{29751290-7EA2-45CA-B4FE-CF63BB5FED5B}.MinSizeRel|x86.ActiveCfg = Release|x64
		{29751290-7EA2-45CA-B4FE-CF63BB5FED5B}.MinSizeRel|x86.Build.0 = Release|x64
		{29751290-7EA2-45CA-B4FE-CF63BB5FED5B}.Release|x64.ActiveCfg = Release|x64
		{29751290-7EA2-45CA-B4FE-CF63BB5FED5B}.Release|x64.Build.0 = Release|x64
		{29751290-7EA2-45CA-B4FE-CF63BB5FED5B}.Release|x86.ActiveCfg = Release|x64
		{29751290-7EA2-45CA-B4FE-CF63BB5FED5B}.Release|x86.Build.0 = Release|x64
		{29751290-7EA2-45CA-B4FE-CF63BB5FED5B}.RelWithDebInfo|x64.ActiveCfg = Release|x64
		{29751290-7EA2-45CA-B4FE-CF63BB5FED5B}.RelWithDebInfo|x64.Build.0 = Release|x64
		{29751290-7EA2-45CA-B4FE-CF63BB5FED5B}.RelWithDebInfo|x86.ActiveCfg = Release|x64
		{29751290-7EA2-45CA-B4FE-CF63BB5FED5B}.RelWithDebInfo|x86.Build.0 = Release|x64
		{E4034F98-364F-4040-B9D1-1643A53A4369}.Debug|x64.ActiveCfg = Debug|x64
		{E4034F98-364F-4040-B9D1-1643A53A4369}.Debug|x64.Build.0 = Debug|x64
		{E4034F98-364F-4040-B9D1-1643A53A4369}.Debug|x86.ActiveCfg = Debug|x64
		{E4034F98-364F-4040-B9D1-1643A53A4369}.Debug|x86.Build.0 = Debug|x64
		{E4034F98-364F-4040-B9D1-1643A53A4369}.MinSizeRel|x64.ActiveCfg = Release|x64
		{E4034F98-364F-4040-B9D1-1643A53A4369}.MinSizeRel|x64.Build.0 = Release|x64
		{E4034F98-364F-4040-B9D1-1643A53A4369}.MinSizeRel|x86.ActiveCfg = Release|x64
		{E4034F98-364F-4040-B9D1-1643A53A4369}.MinSizeRel|x86.Build.0 = Release|x64
		{E4034F98-364F-4040-B9D1-1643A53A4369}.Release|x64.ActiveCfg = Release|x64
		{E4034F98-364F-4040-B9D1-1643A53A4369}.Release|x64.Build.0 = Release|x64
		{E4034F98-364F-4040-B9D1-1643A53A4369}.Release|x86.ActiveCfg = Release|x64
		{E4034F98-364F-4040-B9D1-1643A53A4369}.Release|x86.Build.0 = Release|x64
		{E4034F98-364F-4040-B9D1-1643A53A4369}.RelWithDebInfo|x64.ActiveCfg = Release|x64
		{E4034F98-364F-4040-B9D1-1643A53A4369}.RelWithDebInfo|x64.Build.0 = Release|x64
		{E4034F98-364F-4040-B9D1-1643A53A4369}.RelWithDebInfo|x86.ActiveCfg = Release|x64
		{E4034F98-364F-4040-B9D1-1643A53A4369}.RelWithDebInfo|x86.Build.0 = Release|x64
		{D26D46AB-E680-3EE9-B910-E3041A4E4680}.Debug|x64.ActiveCfg = Debug|x64
		{D26D46AB-E680-3EE9-B910-E3041A4E4680}.Debug|x64.Build.0 = Debug|x64
		{D26D46AB-E680-3EE9-B910-E3041A4E4680}.Debug|x86.ActiveCfg = Debug|x64
		{D26D46AB-E680-3EE9-B910-E3041A4E4680}.Debug|x86.Build.0 = Debug|x64
		{D26D46AB-E680-3EE9-B910-E3041A4E4680}.MinSizeRel|x64.ActiveCfg = MinSizeRel|x64
		{D26D46AB-E680-3EE9-B910-E3041A4E4680}.MinSizeRel|x64.Build.0 = MinSizeRel|x64
		{D26D46AB-E680-3EE9-B910-E3041A4E4680}.MinSizeRel|x86.ActiveCfg = MinSizeRel|x64
		{D26D46AB-E680-3EE9-B910-E3041A4E4680}.MinSizeRel|x86.Build.0 = MinSizeRel|x64
		{D26D46AB-E680-3EE9-B910-E3041A4E4680}.Release|x64.ActiveCfg = Release|x64
		{D26D46AB-E680-3EE9-B910-E3041A4E4680}.Release|x64.Build.0 = Release|x64
		{D26D46AB-E680-3EE9-B910-E3041A4E4680}.Release|x86.ActiveCfg = Release|x64
		{D26D46AB-E680-3EE9-B910-E3041A4E4680}.Release|x86.Build.0 = Release|x64
		{D26D46AB-E680-3EE9-B910-E3041A4E4680}.RelWithDebInfo|x64.ActiveCfg = RelWithDebInfo|x64
		{D26D46AB-E680-3EE9-B910-E3041A4E4680}.RelWithDebInfo|x64.Build.0 = RelWithDebInfo|x64
		{D26D46AB-E680-3EE9-B910-E3041A4E4680}.RelWithDebInfo|x86.ActiveCfg = RelWithDebInfo|x64
		{D26D46AB-E680-3EE9-B910-E3041A4E4680}.RelWithDebInfo|x86.Build.0 = RelWithDebInfo|x64
		{02AA52DC-02AF-486B-A356-CE0D4CD7B76F}.Debug|x64.ActiveCfg = Debug|x64
		{02AA52DC-02AF-486B-A356-CE0D4CD7B76F}.Debug|x64.Build.0 = Debug|x64
		{02AA52DC-02AF-486B-A356-CE0D4CD7B76F}.Debug|x86.ActiveCfg = Debug|x64
		{02AA52DC-02AF-486B-A356-CE0D4CD7B76F}.Debug|x86.Build.0 = Debug|x64
		{02AA52DC-02AF-486B-A356-CE0D4CD7B76F}.MinSizeRel|x64.ActiveCfg = Debug|x64
		{02AA52DC-02AF-486B-A356-CE0D4CD7B76F}.MinSizeRel|x64.Build.0 = Debug|x64
		{02AA52DC-02AF-486B-A356-CE0D4CD7B76F}.MinSizeRel|x86.ActiveCfg = Debug|x64
		{02AA52DC-02AF-486B-A356-CE0D4CD7B76F}.MinSizeRel|x86.Build.0 = Debug|x64
		{02AA52DC-02AF-486B-A356-CE0D4CD7B76F}.Release|x64.ActiveCfg = Release|x64
		{02AA52DC-02AF-486B-A356-CE0D4CD7B76F}.Release|x64.Build.0 = Release|x64
		{02AA52DC-02AF-486B-A356-CE0D4CD7B76F}.Release|x86.ActiveCfg = Release|x64
		{02AA52DC-02AF-486B-A356-CE0D4CD7B76F}.Release|x86.Build.0 = Release|x64
		{02AA52DC-02AF-486B-A356-CE0D4CD7B76F}.RelWithDebInfo|x64.ActiveCfg = Release|x64
		{02AA52DC-02AF-486B-A356-CE0D4CD7B76F}.RelWithDebInfo|x64.Build.0 = Release|x64
		{02AA52DC-02AF-486B-A356-CE0D4CD7B76F}.RelWithDebInfo|x86.ActiveCfg = Release|x64
		{02AA52DC-02AF-486B-A356-CE0D4CD7B76F}.RelWithDebInfo|x86.Build.0 = Release|x64
		{614DA928-E862-4378-9BC8-72C74DAF3B7F}.Debug|x64.ActiveCfg = Debug|x64
		{614DA928-E862-4378-9BC8-72C74DAF3B7F}.Debug|x64.Build.0 = Debug|x64
		{614DA928-E862-4378-9BC8-72C74DAF3B7F}.Debug|x86.ActiveCfg = Debug|x64
		{614DA928-E862-4378-9BC8-72C74DAF3B7F}.Debug|x86.Build.0 = Debug|x64
		{614DA928-E862-4378-9BC8-72C74DAF3B7F}.MinSizeRel|x64.ActiveCfg = Debug|x64
		{614DA928-E862-4378-9BC8-72C74DAF3B7F}.MinSizeRel|x64.Build.0 = Debug|x64
		{614DA928-E862-4378-9BC8-72C74DAF3B7F}.MinSizeRel|x86.ActiveCfg = Debug|x64
		{614DA928-E862-4378-9BC8-72C74DAF3B7F}.MinSizeRel|x86.Build.0 = Debug|x64
		{614DA928-E862-4378-9BC8-72C74DAF3B7F}.Release|x64.ActiveCfg = Release|x64
		{614DA928-E862-4378-9BC8-72C74DAF3B7F}.Release|x64.Build.0 = Release|x64
		{614DA928-E862-4378-9BC8-72C74DAF3B7F}.Release|x86.ActiveCfg = Release|x64
		{614DA928-E862-4378-9BC8-72C74DAF3B7F}.Release|x86.Build.0 = Release|x64
		{614DA928-E862-4378-9BC8-72C74DAF3B7F}.RelWithDebInfo|x64.ActiveCfg = Release|x64
		{614DA928-E862-4378-9BC8-72C74DAF3B7F}.RelWithDebInfo|x64.Build.0 = Release|x64
		{614DA928-E862-4378-9BC8-72C74DAF3B7F}.RelWithDebInfo|x86.ActiveCfg = Release|x64
		{614DA928-E862-4378-9BC8-72C74DAF3B7F}.RelWithDebInfo|x86.Build.0 = Release|x64
	EndGlobalSection
	GlobalSection(SolutionProperties) = preSolution
		HideSolutionNode = FALSE
	EndGlobalSection
	GlobalSection(ExtensibilityGlobals) = postSolution
		SolutionGuid = {78E10B76-336B-4476-B48F-EE586F20A0D5}
	EndGlobalSection
EndGlobal
